// !$*UTF8*$!
{
	archiveVersion = 1;
	classes = {
	};
	objectVersion = 56;
	objects = {

/* Begin PBXBuildFile section */
		8F32EFE02982A26E00FA56F5 /* DetailsPageView.swift in Sources */ = {isa = PBXBuildFile; fileRef = 8F32EFDF2982A26E00FA56F5 /* DetailsPageView.swift */; };
		8F32EFE32982A70600FA56F5 /* AbstractedResultView.swift in Sources */ = {isa = PBXBuildFile; fileRef = 8F32EFE22982A70600FA56F5 /* AbstractedResultView.swift */; };
		8F32EFE42982AEDC00FA56F5 /* ContentViewModel.swift in Sources */ = {isa = PBXBuildFile; fileRef = 8FD3C6DE29812DA70009D636 /* ContentViewModel.swift */; };
		8F32EFE52982AEDD00FA56F5 /* ContentViewModel.swift in Sources */ = {isa = PBXBuildFile; fileRef = 8FD3C6DE29812DA70009D636 /* ContentViewModel.swift */; };
		8F32EFE62982AF6800FA56F5 /* openFDADataModel.swift in Sources */ = {isa = PBXBuildFile; fileRef = 8FD3C6E429812E800009D636 /* openFDADataModel.swift */; };
		8F32EFE72982AF6800FA56F5 /* openFDADataModel.swift in Sources */ = {isa = PBXBuildFile; fileRef = 8FD3C6E429812E800009D636 /* openFDADataModel.swift */; };
		8F32EFE82982AF7500FA56F5 /* openFDAAPIHelper.swift in Sources */ = {isa = PBXBuildFile; fileRef = 8FD3C6E129812E3D0009D636 /* openFDAAPIHelper.swift */; };
		8F32EFE92982AF7500FA56F5 /* openFDAAPIHelper.swift in Sources */ = {isa = PBXBuildFile; fileRef = 8FD3C6E129812E3D0009D636 /* openFDAAPIHelper.swift */; };
		8FD3C6AF29812C730009D636 /* PerxTechnicalChallengeApp.swift in Sources */ = {isa = PBXBuildFile; fileRef = 8FD3C6AE29812C730009D636 /* PerxTechnicalChallengeApp.swift */; };
		8FD3C6B129812C730009D636 /* ContentView.swift in Sources */ = {isa = PBXBuildFile; fileRef = 8FD3C6B029812C730009D636 /* ContentView.swift */; };
		8FD3C6B329812C740009D636 /* Assets.xcassets in Resources */ = {isa = PBXBuildFile; fileRef = 8FD3C6B229812C740009D636 /* Assets.xcassets */; };
		8FD3C6B629812C740009D636 /* Preview Assets.xcassets in Resources */ = {isa = PBXBuildFile; fileRef = 8FD3C6B529812C740009D636 /* Preview Assets.xcassets */; };
		8FD3C6B829812C740009D636 /* Persistence.swift in Sources */ = {isa = PBXBuildFile; fileRef = 8FD3C6B729812C740009D636 /* Persistence.swift */; };
		8FD3C6BB29812C740009D636 /* PerxTechnicalChallenge.xcdatamodeld in Sources */ = {isa = PBXBuildFile; fileRef = 8FD3C6B929812C740009D636 /* PerxTechnicalChallenge.xcdatamodeld */; };
		8FD3C6C529812C740009D636 /* PerxTechnicalChallengeTests.swift in Sources */ = {isa = PBXBuildFile; fileRef = 8FD3C6C429812C740009D636 /* PerxTechnicalChallengeTests.swift */; };
		8FD3C6CF29812C740009D636 /* PerxTechnicalChallengeUITests.swift in Sources */ = {isa = PBXBuildFile; fileRef = 8FD3C6CE29812C740009D636 /* PerxTechnicalChallengeUITests.swift */; };
		8FD3C6D129812C740009D636 /* PerxTechnicalChallengeUITestsLaunchTests.swift in Sources */ = {isa = PBXBuildFile; fileRef = 8FD3C6D029812C740009D636 /* PerxTechnicalChallengeUITestsLaunchTests.swift */; };
		8FD3C6DF29812DA70009D636 /* ContentViewModel.swift in Sources */ = {isa = PBXBuildFile; fileRef = 8FD3C6DE29812DA70009D636 /* ContentViewModel.swift */; };
		8FD3C6E229812E3D0009D636 /* openFDAAPIHelper.swift in Sources */ = {isa = PBXBuildFile; fileRef = 8FD3C6E129812E3D0009D636 /* openFDAAPIHelper.swift */; };
		8FD3C6E529812E800009D636 /* openFDADataModel.swift in Sources */ = {isa = PBXBuildFile; fileRef = 8FD3C6E429812E800009D636 /* openFDADataModel.swift */; };
/* End PBXBuildFile section */

/* Begin PBXContainerItemProxy section */
		8FD3C6C129812C740009D636 /* PBXContainerItemProxy */ = {
			isa = PBXContainerItemProxy;
			containerPortal = 8FD3C6A329812C730009D636 /* Project object */;
			proxyType = 1;
			remoteGlobalIDString = 8FD3C6AA29812C730009D636;
			remoteInfo = PerxTechnicalChallenge;
		};
		8FD3C6CB29812C740009D636 /* PBXContainerItemProxy */ = {
			isa = PBXContainerItemProxy;
			containerPortal = 8FD3C6A329812C730009D636 /* Project object */;
			proxyType = 1;
			remoteGlobalIDString = 8FD3C6AA29812C730009D636;
			remoteInfo = PerxTechnicalChallenge;
		};
/* End PBXContainerItemProxy section */

/* Begin PBXFileReference section */
		8F32EFDF2982A26E00FA56F5 /* DetailsPageView.swift */ = {isa = PBXFileReference; lastKnownFileType = sourcecode.swift; path = DetailsPageView.swift; sourceTree = "<group>"; };
		8F32EFE22982A70600FA56F5 /* AbstractedResultView.swift */ = {isa = PBXFileReference; lastKnownFileType = sourcecode.swift; path = AbstractedResultView.swift; sourceTree = "<group>"; };
		8FD3C6AB29812C730009D636 /* PerxTechnicalChallenge.app */ = {isa = PBXFileReference; explicitFileType = wrapper.application; includeInIndex = 0; path = PerxTechnicalChallenge.app; sourceTree = BUILT_PRODUCTS_DIR; };
		8FD3C6AE29812C730009D636 /* PerxTechnicalChallengeApp.swift */ = {isa = PBXFileReference; lastKnownFileType = sourcecode.swift; path = PerxTechnicalChallengeApp.swift; sourceTree = "<group>"; };
		8FD3C6B029812C730009D636 /* ContentView.swift */ = {isa = PBXFileReference; lastKnownFileType = sourcecode.swift; path = ContentView.swift; sourceTree = "<group>"; };
		8FD3C6B229812C740009D636 /* Assets.xcassets */ = {isa = PBXFileReference; lastKnownFileType = folder.assetcatalog; path = Assets.xcassets; sourceTree = "<group>"; };
		8FD3C6B529812C740009D636 /* Preview Assets.xcassets */ = {isa = PBXFileReference; lastKnownFileType = folder.assetcatalog; path = "Preview Assets.xcassets"; sourceTree = "<group>"; };
		8FD3C6B729812C740009D636 /* Persistence.swift */ = {isa = PBXFileReference; lastKnownFileType = sourcecode.swift; path = Persistence.swift; sourceTree = "<group>"; };
		8FD3C6BA29812C740009D636 /* PerxTechnicalChallenge.xcdatamodel */ = {isa = PBXFileReference; lastKnownFileType = wrapper.xcdatamodel; path = PerxTechnicalChallenge.xcdatamodel; sourceTree = "<group>"; };
		8FD3C6C029812C740009D636 /* PerxTechnicalChallengeTests.xctest */ = {isa = PBXFileReference; explicitFileType = wrapper.cfbundle; includeInIndex = 0; path = PerxTechnicalChallengeTests.xctest; sourceTree = BUILT_PRODUCTS_DIR; };
		8FD3C6C429812C740009D636 /* PerxTechnicalChallengeTests.swift */ = {isa = PBXFileReference; lastKnownFileType = sourcecode.swift; path = PerxTechnicalChallengeTests.swift; sourceTree = "<group>"; };
		8FD3C6CA29812C740009D636 /* PerxTechnicalChallengeUITests.xctest */ = {isa = PBXFileReference; explicitFileType = wrapper.cfbundle; includeInIndex = 0; path = PerxTechnicalChallengeUITests.xctest; sourceTree = BUILT_PRODUCTS_DIR; };
		8FD3C6CE29812C740009D636 /* PerxTechnicalChallengeUITests.swift */ = {isa = PBXFileReference; lastKnownFileType = sourcecode.swift; path = PerxTechnicalChallengeUITests.swift; sourceTree = "<group>"; };
		8FD3C6D029812C740009D636 /* PerxTechnicalChallengeUITestsLaunchTests.swift */ = {isa = PBXFileReference; lastKnownFileType = sourcecode.swift; path = PerxTechnicalChallengeUITestsLaunchTests.swift; sourceTree = "<group>"; };
		8FD3C6DE29812DA70009D636 /* ContentViewModel.swift */ = {isa = PBXFileReference; lastKnownFileType = sourcecode.swift; path = ContentViewModel.swift; sourceTree = "<group>"; };
		8FD3C6E129812E3D0009D636 /* openFDAAPIHelper.swift */ = {isa = PBXFileReference; lastKnownFileType = sourcecode.swift; path = openFDAAPIHelper.swift; sourceTree = "<group>"; };
		8FD3C6E429812E800009D636 /* openFDADataModel.swift */ = {isa = PBXFileReference; lastKnownFileType = sourcecode.swift; path = openFDADataModel.swift; sourceTree = "<group>"; };
/* End PBXFileReference section */

/* Begin PBXFrameworksBuildPhase section */
		8FD3C6A829812C730009D636 /* Frameworks */ = {
			isa = PBXFrameworksBuildPhase;
			buildActionMask = 2147483647;
			files = (
			);
			runOnlyForDeploymentPostprocessing = 0;
		};
		8FD3C6BD29812C740009D636 /* Frameworks */ = {
			isa = PBXFrameworksBuildPhase;
			buildActionMask = 2147483647;
			files = (
			);
			runOnlyForDeploymentPostprocessing = 0;
		};
		8FD3C6C729812C740009D636 /* Frameworks */ = {
			isa = PBXFrameworksBuildPhase;
			buildActionMask = 2147483647;
			files = (
			);
			runOnlyForDeploymentPostprocessing = 0;
		};
/* End PBXFrameworksBuildPhase section */

/* Begin PBXGroup section */
		8F32EFE12982A6E200FA56F5 /* Views */ = {
			isa = PBXGroup;
			children = (
				8FD3C6DD29812CA30009D636 /* DetailsPage */,
				8F32EFE22982A70600FA56F5 /* AbstractedResultView.swift */,
			);
			path = Views;
			sourceTree = "<group>";
		};
		8FD3C6A229812C730009D636 = {
			isa = PBXGroup;
			children = (
				8FD3C6AD29812C730009D636 /* PerxTechnicalChallenge */,
				8FD3C6C329812C740009D636 /* PerxTechnicalChallengeTests */,
				8FD3C6CD29812C740009D636 /* PerxTechnicalChallengeUITests */,
				8FD3C6AC29812C730009D636 /* Products */,
			);
			sourceTree = "<group>";
		};
		8FD3C6AC29812C730009D636 /* Products */ = {
			isa = PBXGroup;
			children = (
				8FD3C6AB29812C730009D636 /* PerxTechnicalChallenge.app */,
				8FD3C6C029812C740009D636 /* PerxTechnicalChallengeTests.xctest */,
				8FD3C6CA29812C740009D636 /* PerxTechnicalChallengeUITests.xctest */,
			);
			name = Products;
			sourceTree = "<group>";
		};
		8FD3C6AD29812C730009D636 /* PerxTechnicalChallenge */ = {
			isa = PBXGroup;
			children = (
				8FD3C6E329812E6A0009D636 /* DataModels */,
				8FD3C6E029812E260009D636 /* APIHelper */,
				8F32EFE12982A6E200FA56F5 /* Views */,
				8FD3C6AE29812C730009D636 /* PerxTechnicalChallengeApp.swift */,
				8FD3C6B029812C730009D636 /* ContentView.swift */,
				8FD3C6DE29812DA70009D636 /* ContentViewModel.swift */,
				8FD3C6B229812C740009D636 /* Assets.xcassets */,
				8FD3C6B729812C740009D636 /* Persistence.swift */,
				8FD3C6B929812C740009D636 /* PerxTechnicalChallenge.xcdatamodeld */,
				8FD3C6B429812C740009D636 /* Preview Content */,
			);
			path = PerxTechnicalChallenge;
			sourceTree = "<group>";
		};
		8FD3C6B429812C740009D636 /* Preview Content */ = {
			isa = PBXGroup;
			children = (
				8FD3C6B529812C740009D636 /* Preview Assets.xcassets */,
			);
			path = "Preview Content";
			sourceTree = "<group>";
		};
		8FD3C6C329812C740009D636 /* PerxTechnicalChallengeTests */ = {
			isa = PBXGroup;
			children = (
				8FD3C6C429812C740009D636 /* PerxTechnicalChallengeTests.swift */,
			);
			path = PerxTechnicalChallengeTests;
			sourceTree = "<group>";
		};
		8FD3C6CD29812C740009D636 /* PerxTechnicalChallengeUITests */ = {
			isa = PBXGroup;
			children = (
				8FD3C6CE29812C740009D636 /* PerxTechnicalChallengeUITests.swift */,
				8FD3C6D029812C740009D636 /* PerxTechnicalChallengeUITestsLaunchTests.swift */,
			);
			path = PerxTechnicalChallengeUITests;
			sourceTree = "<group>";
		};
		8FD3C6DD29812CA30009D636 /* DetailsPage */ = {
			isa = PBXGroup;
			children = (
				8F32EFDF2982A26E00FA56F5 /* DetailsPageView.swift */,
			);
			path = DetailsPage;
			sourceTree = "<group>";
		};
		8FD3C6E029812E260009D636 /* APIHelper */ = {
			isa = PBXGroup;
			children = (
				8FD3C6E129812E3D0009D636 /* openFDAAPIHelper.swift */,
			);
			path = APIHelper;
			sourceTree = "<group>";
		};
		8FD3C6E329812E6A0009D636 /* DataModels */ = {
			isa = PBXGroup;
			children = (
				8FD3C6E429812E800009D636 /* openFDADataModel.swift */,
			);
			path = DataModels;
			sourceTree = "<group>";
		};
/* End PBXGroup section */

/* Begin PBXNativeTarget section */
		8FD3C6AA29812C730009D636 /* PerxTechnicalChallenge */ = {
			isa = PBXNativeTarget;
			buildConfigurationList = 8FD3C6D429812C740009D636 /* Build configuration list for PBXNativeTarget "PerxTechnicalChallenge" */;
			buildPhases = (
				8FD3C6A729812C730009D636 /* Sources */,
				8FD3C6A829812C730009D636 /* Frameworks */,
				8FD3C6A929812C730009D636 /* Resources */,
			);
			buildRules = (
			);
			dependencies = (
			);
			name = PerxTechnicalChallenge;
			productName = PerxTechnicalChallenge;
			productReference = 8FD3C6AB29812C730009D636 /* PerxTechnicalChallenge.app */;
			productType = "com.apple.product-type.application";
		};
		8FD3C6BF29812C740009D636 /* PerxTechnicalChallengeTests */ = {
			isa = PBXNativeTarget;
			buildConfigurationList = 8FD3C6D729812C740009D636 /* Build configuration list for PBXNativeTarget "PerxTechnicalChallengeTests" */;
			buildPhases = (
				8FD3C6BC29812C740009D636 /* Sources */,
				8FD3C6BD29812C740009D636 /* Frameworks */,
				8FD3C6BE29812C740009D636 /* Resources */,
			);
			buildRules = (
			);
			dependencies = (
				8FD3C6C229812C740009D636 /* PBXTargetDependency */,
			);
			name = PerxTechnicalChallengeTests;
			productName = PerxTechnicalChallengeTests;
			productReference = 8FD3C6C029812C740009D636 /* PerxTechnicalChallengeTests.xctest */;
			productType = "com.apple.product-type.bundle.unit-test";
		};
		8FD3C6C929812C740009D636 /* PerxTechnicalChallengeUITests */ = {
			isa = PBXNativeTarget;
			buildConfigurationList = 8FD3C6DA29812C740009D636 /* Build configuration list for PBXNativeTarget "PerxTechnicalChallengeUITests" */;
			buildPhases = (
				8FD3C6C629812C740009D636 /* Sources */,
				8FD3C6C729812C740009D636 /* Frameworks */,
				8FD3C6C829812C740009D636 /* Resources */,
			);
			buildRules = (
			);
			dependencies = (
				8FD3C6CC29812C740009D636 /* PBXTargetDependency */,
			);
			name = PerxTechnicalChallengeUITests;
			productName = PerxTechnicalChallengeUITests;
			productReference = 8FD3C6CA29812C740009D636 /* PerxTechnicalChallengeUITests.xctest */;
			productType = "com.apple.product-type.bundle.ui-testing";
		};
/* End PBXNativeTarget section */

/* Begin PBXProject section */
		8FD3C6A329812C730009D636 /* Project object */ = {
			isa = PBXProject;
			attributes = {
				BuildIndependentTargetsInParallel = 1;
				LastSwiftUpdateCheck = 1420;
				LastUpgradeCheck = 1420;
				TargetAttributes = {
					8FD3C6AA29812C730009D636 = {
						CreatedOnToolsVersion = 14.2;
					};
					8FD3C6BF29812C740009D636 = {
						CreatedOnToolsVersion = 14.2;
						TestTargetID = 8FD3C6AA29812C730009D636;
					};
					8FD3C6C929812C740009D636 = {
						CreatedOnToolsVersion = 14.2;
						TestTargetID = 8FD3C6AA29812C730009D636;
					};
				};
			};
			buildConfigurationList = 8FD3C6A629812C730009D636 /* Build configuration list for PBXProject "PerxTechnicalChallenge" */;
			compatibilityVersion = "Xcode 14.0";
			developmentRegion = en;
			hasScannedForEncodings = 0;
			knownRegions = (
				en,
				Base,
			);
			mainGroup = 8FD3C6A229812C730009D636;
			productRefGroup = 8FD3C6AC29812C730009D636 /* Products */;
			projectDirPath = "";
			projectRoot = "";
			targets = (
				8FD3C6AA29812C730009D636 /* PerxTechnicalChallenge */,
				8FD3C6BF29812C740009D636 /* PerxTechnicalChallengeTests */,
				8FD3C6C929812C740009D636 /* PerxTechnicalChallengeUITests */,
			);
		};
/* End PBXProject section */

/* Begin PBXResourcesBuildPhase section */
		8FD3C6A929812C730009D636 /* Resources */ = {
			isa = PBXResourcesBuildPhase;
			buildActionMask = 2147483647;
			files = (
				8FD3C6B629812C740009D636 /* Preview Assets.xcassets in Resources */,
				8FD3C6B329812C740009D636 /* Assets.xcassets in Resources */,
			);
			runOnlyForDeploymentPostprocessing = 0;
		};
		8FD3C6BE29812C740009D636 /* Resources */ = {
			isa = PBXResourcesBuildPhase;
			buildActionMask = 2147483647;
			files = (
			);
			runOnlyForDeploymentPostprocessing = 0;
		};
		8FD3C6C829812C740009D636 /* Resources */ = {
			isa = PBXResourcesBuildPhase;
			buildActionMask = 2147483647;
			files = (
			);
			runOnlyForDeploymentPostprocessing = 0;
		};
/* End PBXResourcesBuildPhase section */

/* Begin PBXSourcesBuildPhase section */
		8FD3C6A729812C730009D636 /* Sources */ = {
			isa = PBXSourcesBuildPhase;
			buildActionMask = 2147483647;
			files = (
				8FD3C6E529812E800009D636 /* openFDADataModel.swift in Sources */,
				8FD3C6BB29812C740009D636 /* PerxTechnicalChallenge.xcdatamodeld in Sources */,
				8FD3C6B829812C740009D636 /* Persistence.swift in Sources */,
				8FD3C6E229812E3D0009D636 /* openFDAAPIHelper.swift in Sources */,
				8FD3C6B129812C730009D636 /* ContentView.swift in Sources */,
				8F32EFE32982A70600FA56F5 /* AbstractedResultView.swift in Sources */,
				8FD3C6AF29812C730009D636 /* PerxTechnicalChallengeApp.swift in Sources */,
				8F32EFE02982A26E00FA56F5 /* DetailsPageView.swift in Sources */,
				8FD3C6DF29812DA70009D636 /* ContentViewModel.swift in Sources */,
			);
			runOnlyForDeploymentPostprocessing = 0;
		};
		8FD3C6BC29812C740009D636 /* Sources */ = {
			isa = PBXSourcesBuildPhase;
			buildActionMask = 2147483647;
			files = (
				8F32EFE82982AF7500FA56F5 /* openFDAAPIHelper.swift in Sources */,
				8F32EFE62982AF6800FA56F5 /* openFDADataModel.swift in Sources */,
				8F32EFE52982AEDD00FA56F5 /* ContentViewModel.swift in Sources */,
				8FD3C6C529812C740009D636 /* PerxTechnicalChallengeTests.swift in Sources */,
			);
			runOnlyForDeploymentPostprocessing = 0;
		};
		8FD3C6C629812C740009D636 /* Sources */ = {
			isa = PBXSourcesBuildPhase;
			buildActionMask = 2147483647;
			files = (
				8FD3C6CF29812C740009D636 /* PerxTechnicalChallengeUITests.swift in Sources */,
				8F32EFE72982AF6800FA56F5 /* openFDADataModel.swift in Sources */,
				8FD3C6D129812C740009D636 /* PerxTechnicalChallengeUITestsLaunchTests.swift in Sources */,
				8F32EFE92982AF7500FA56F5 /* openFDAAPIHelper.swift in Sources */,
				8F32EFE42982AEDC00FA56F5 /* ContentViewModel.swift in Sources */,
			);
			runOnlyForDeploymentPostprocessing = 0;
		};
/* End PBXSourcesBuildPhase section */

/* Begin PBXTargetDependency section */
		8FD3C6C229812C740009D636 /* PBXTargetDependency */ = {
			isa = PBXTargetDependency;
			target = 8FD3C6AA29812C730009D636 /* PerxTechnicalChallenge */;
			targetProxy = 8FD3C6C129812C740009D636 /* PBXContainerItemProxy */;
		};
		8FD3C6CC29812C740009D636 /* PBXTargetDependency */ = {
			isa = PBXTargetDependency;
			target = 8FD3C6AA29812C730009D636 /* PerxTechnicalChallenge */;
			targetProxy = 8FD3C6CB29812C740009D636 /* PBXContainerItemProxy */;
		};
/* End PBXTargetDependency section */

/* Begin XCBuildConfiguration section */
		8FD3C6D229812C740009D636 /* Debug */ = {
			isa = XCBuildConfiguration;
			buildSettings = {
				ALWAYS_SEARCH_USER_PATHS = NO;
				CLANG_ANALYZER_NONNULL = YES;
				CLANG_ANALYZER_NUMBER_OBJECT_CONVERSION = YES_AGGRESSIVE;
				CLANG_CXX_LANGUAGE_STANDARD = "gnu++20";
				CLANG_ENABLE_MODULES = YES;
				CLANG_ENABLE_OBJC_ARC = YES;
				CLANG_ENABLE_OBJC_WEAK = YES;
				CLANG_WARN_BLOCK_CAPTURE_AUTORELEASING = YES;
				CLANG_WARN_BOOL_CONVERSION = YES;
				CLANG_WARN_COMMA = YES;
				CLANG_WARN_CONSTANT_CONVERSION = YES;
				CLANG_WARN_DEPRECATED_OBJC_IMPLEMENTATIONS = YES;
				CLANG_WARN_DIRECT_OBJC_ISA_USAGE = YES_ERROR;
				CLANG_WARN_DOCUMENTATION_COMMENTS = YES;
				CLANG_WARN_EMPTY_BODY = YES;
				CLANG_WARN_ENUM_CONVERSION = YES;
				CLANG_WARN_INFINITE_RECURSION = YES;
				CLANG_WARN_INT_CONVERSION = YES;
				CLANG_WARN_NON_LITERAL_NULL_CONVERSION = YES;
				CLANG_WARN_OBJC_IMPLICIT_RETAIN_SELF = YES;
				CLANG_WARN_OBJC_LITERAL_CONVERSION = YES;
				CLANG_WARN_OBJC_ROOT_CLASS = YES_ERROR;
				CLANG_WARN_QUOTED_INCLUDE_IN_FRAMEWORK_HEADER = YES;
				CLANG_WARN_RANGE_LOOP_ANALYSIS = YES;
				CLANG_WARN_STRICT_PROTOTYPES = YES;
				CLANG_WARN_SUSPICIOUS_MOVE = YES;
				CLANG_WARN_UNGUARDED_AVAILABILITY = YES_AGGRESSIVE;
				CLANG_WARN_UNREACHABLE_CODE = YES;
				CLANG_WARN__DUPLICATE_METHOD_MATCH = YES;
				COPY_PHASE_STRIP = NO;
				DEBUG_INFORMATION_FORMAT = dwarf;
				ENABLE_STRICT_OBJC_MSGSEND = YES;
				ENABLE_TESTABILITY = YES;
				GCC_C_LANGUAGE_STANDARD = gnu11;
				GCC_DYNAMIC_NO_PIC = NO;
				GCC_NO_COMMON_BLOCKS = YES;
				GCC_OPTIMIZATION_LEVEL = 0;
				GCC_PREPROCESSOR_DEFINITIONS = (
					"DEBUG=1",
					"$(inherited)",
				);
				GCC_WARN_64_TO_32_BIT_CONVERSION = YES;
				GCC_WARN_ABOUT_RETURN_TYPE = YES_ERROR;
				GCC_WARN_UNDECLARED_SELECTOR = YES;
				GCC_WARN_UNINITIALIZED_AUTOS = YES_AGGRESSIVE;
				GCC_WARN_UNUSED_FUNCTION = YES;
				GCC_WARN_UNUSED_VARIABLE = YES;
				IPHONEOS_DEPLOYMENT_TARGET = 16.2;
				MTL_ENABLE_DEBUG_INFO = INCLUDE_SOURCE;
				MTL_FAST_MATH = YES;
				ONLY_ACTIVE_ARCH = YES;
				SDKROOT = iphoneos;
				SWIFT_ACTIVE_COMPILATION_CONDITIONS = DEBUG;
				SWIFT_OPTIMIZATION_LEVEL = "-Onone";
			};
			name = Debug;
		};
		8FD3C6D329812C740009D636 /* Release */ = {
			isa = XCBuildConfiguration;
			buildSettings = {
				ALWAYS_SEARCH_USER_PATHS = NO;
				CLANG_ANALYZER_NONNULL = YES;
				CLANG_ANALYZER_NUMBER_OBJECT_CONVERSION = YES_AGGRESSIVE;
				CLANG_CXX_LANGUAGE_STANDARD = "gnu++20";
				CLANG_ENABLE_MODULES = YES;
				CLANG_ENABLE_OBJC_ARC = YES;
				CLANG_ENABLE_OBJC_WEAK = YES;
				CLANG_WARN_BLOCK_CAPTURE_AUTORELEASING = YES;
				CLANG_WARN_BOOL_CONVERSION = YES;
				CLANG_WARN_COMMA = YES;
				CLANG_WARN_CONSTANT_CONVERSION = YES;
				CLANG_WARN_DEPRECATED_OBJC_IMPLEMENTATIONS = YES;
				CLANG_WARN_DIRECT_OBJC_ISA_USAGE = YES_ERROR;
				CLANG_WARN_DOCUMENTATION_COMMENTS = YES;
				CLANG_WARN_EMPTY_BODY = YES;
				CLANG_WARN_ENUM_CONVERSION = YES;
				CLANG_WARN_INFINITE_RECURSION = YES;
				CLANG_WARN_INT_CONVERSION = YES;
				CLANG_WARN_NON_LITERAL_NULL_CONVERSION = YES;
				CLANG_WARN_OBJC_IMPLICIT_RETAIN_SELF = YES;
				CLANG_WARN_OBJC_LITERAL_CONVERSION = YES;
				CLANG_WARN_OBJC_ROOT_CLASS = YES_ERROR;
				CLANG_WARN_QUOTED_INCLUDE_IN_FRAMEWORK_HEADER = YES;
				CLANG_WARN_RANGE_LOOP_ANALYSIS = YES;
				CLANG_WARN_STRICT_PROTOTYPES = YES;
				CLANG_WARN_SUSPICIOUS_MOVE = YES;
				CLANG_WARN_UNGUARDED_AVAILABILITY = YES_AGGRESSIVE;
				CLANG_WARN_UNREACHABLE_CODE = YES;
				CLANG_WARN__DUPLICATE_METHOD_MATCH = YES;
				COPY_PHASE_STRIP = NO;
				DEBUG_INFORMATION_FORMAT = "dwarf-with-dsym";
				ENABLE_NS_ASSERTIONS = NO;
				ENABLE_STRICT_OBJC_MSGSEND = YES;
				GCC_C_LANGUAGE_STANDARD = gnu11;
				GCC_NO_COMMON_BLOCKS = YES;
				GCC_WARN_64_TO_32_BIT_CONVERSION = YES;
				GCC_WARN_ABOUT_RETURN_TYPE = YES_ERROR;
				GCC_WARN_UNDECLARED_SELECTOR = YES;
				GCC_WARN_UNINITIALIZED_AUTOS = YES_AGGRESSIVE;
				GCC_WARN_UNUSED_FUNCTION = YES;
				GCC_WARN_UNUSED_VARIABLE = YES;
				IPHONEOS_DEPLOYMENT_TARGET = 16.2;
				MTL_ENABLE_DEBUG_INFO = NO;
				MTL_FAST_MATH = YES;
				SDKROOT = iphoneos;
				SWIFT_COMPILATION_MODE = wholemodule;
				SWIFT_OPTIMIZATION_LEVEL = "-O";
				VALIDATE_PRODUCT = YES;
			};
			name = Release;
		};
		8FD3C6D529812C740009D636 /* Debug */ = {
			isa = XCBuildConfiguration;
			buildSettings = {
				ASSETCATALOG_COMPILER_APPICON_NAME = AppIcon;
				ASSETCATALOG_COMPILER_GLOBAL_ACCENT_COLOR_NAME = AccentColor;
				CODE_SIGN_STYLE = Automatic;
				CURRENT_PROJECT_VERSION = 1;
				DEVELOPMENT_ASSET_PATHS = "\"PerxTechnicalChallenge/Preview Content\"";
				DEVELOPMENT_TEAM = RJJZD7UBAD;
				ENABLE_PREVIEWS = YES;
				GENERATE_INFOPLIST_FILE = YES;
				INFOPLIST_KEY_UIApplicationSceneManifest_Generation = YES;
				INFOPLIST_KEY_UIApplicationSupportsIndirectInputEvents = YES;
				INFOPLIST_KEY_UILaunchScreen_Generation = YES;
				INFOPLIST_KEY_UISupportedInterfaceOrientations_iPad = "UIInterfaceOrientationPortrait UIInterfaceOrientationPortraitUpsideDown UIInterfaceOrientationLandscapeLeft UIInterfaceOrientationLandscapeRight";
				INFOPLIST_KEY_UISupportedInterfaceOrientations_iPhone = "UIInterfaceOrientationPortrait UIInterfaceOrientationLandscapeLeft UIInterfaceOrientationLandscapeRight";
				LD_RUNPATH_SEARCH_PATHS = (
					"$(inherited)",
					"@executable_path/Frameworks",
				);
				MARKETING_VERSION = 1.0;
				PRODUCT_BUNDLE_IDENTIFIER = Tyson.PerxTechnicalChallenge;
				PRODUCT_NAME = "$(TARGET_NAME)";
				SWIFT_EMIT_LOC_STRINGS = YES;
				SWIFT_VERSION = 5.0;
				TARGETED_DEVICE_FAMILY = "1,2";
			};
			name = Debug;
		};
		8FD3C6D629812C740009D636 /* Release */ = {
			isa = XCBuildConfiguration;
			buildSettings = {
				ASSETCATALOG_COMPILER_APPICON_NAME = AppIcon;
				ASSETCATALOG_COMPILER_GLOBAL_ACCENT_COLOR_NAME = AccentColor;
				CODE_SIGN_STYLE = Automatic;
				CURRENT_PROJECT_VERSION = 1;
				DEVELOPMENT_ASSET_PATHS = "\"PerxTechnicalChallenge/Preview Content\"";
				DEVELOPMENT_TEAM = RJJZD7UBAD;
				ENABLE_PREVIEWS = YES;
				GENERATE_INFOPLIST_FILE = YES;
				INFOPLIST_KEY_UIApplicationSceneManifest_Generation = YES;
				INFOPLIST_KEY_UIApplicationSupportsIndirectInputEvents = YES;
				INFOPLIST_KEY_UILaunchScreen_Generation = YES;
				INFOPLIST_KEY_UISupportedInterfaceOrientations_iPad = "UIInterfaceOrientationPortrait UIInterfaceOrientationPortraitUpsideDown UIInterfaceOrientationLandscapeLeft UIInterfaceOrientationLandscapeRight";
				INFOPLIST_KEY_UISupportedInterfaceOrientations_iPhone = "UIInterfaceOrientationPortrait UIInterfaceOrientationLandscapeLeft UIInterfaceOrientationLandscapeRight";
				LD_RUNPATH_SEARCH_PATHS = (
					"$(inherited)",
					"@executable_path/Frameworks",
				);
				MARKETING_VERSION = 1.0;
				PRODUCT_BUNDLE_IDENTIFIER = Tyson.PerxTechnicalChallenge;
				PRODUCT_NAME = "$(TARGET_NAME)";
				SWIFT_EMIT_LOC_STRINGS = YES;
				SWIFT_VERSION = 5.0;
				TARGETED_DEVICE_FAMILY = "1,2";
			};
			name = Release;
		};
		8FD3C6D829812C740009D636 /* Debug */ = {
			isa = XCBuildConfiguration;
			buildSettings = {
				ALWAYS_EMBED_SWIFT_STANDARD_LIBRARIES = YES;
				BUNDLE_LOADER = "$(TEST_HOST)";
				CODE_SIGN_STYLE = Automatic;
				CURRENT_PROJECT_VERSION = 1;
				DEVELOPMENT_TEAM = RJJZD7UBAD;
				GENERATE_INFOPLIST_FILE = YES;
				IPHONEOS_DEPLOYMENT_TARGET = 16.2;
				MARKETING_VERSION = 1.0;
				PRODUCT_BUNDLE_IDENTIFIER = Tyson.PerxTechnicalChallengeTests;
				PRODUCT_NAME = "$(TARGET_NAME)";
				SWIFT_EMIT_LOC_STRINGS = NO;
				SWIFT_VERSION = 5.0;
				TARGETED_DEVICE_FAMILY = "1,2";
				TEST_HOST = "$(BUILT_PRODUCTS_DIR)/PerxTechnicalChallenge.app/$(BUNDLE_EXECUTABLE_FOLDER_PATH)/PerxTechnicalChallenge";
			};
			name = Debug;
		};
		8FD3C6D929812C740009D636 /* Release */ = {
			isa = XCBuildConfiguration;
			buildSettings = {
				ALWAYS_EMBED_SWIFT_STANDARD_LIBRARIES = YES;
				BUNDLE_LOADER = "$(TEST_HOST)";
				CODE_SIGN_STYLE = Automatic;
				CURRENT_PROJECT_VERSION = 1;
				DEVELOPMENT_TEAM = RJJZD7UBAD;
				GENERATE_INFOPLIST_FILE = YES;
				IPHONEOS_DEPLOYMENT_TARGET = 16.2;
				MARKETING_VERSION = 1.0;
				PRODUCT_BUNDLE_IDENTIFIER = Tyson.PerxTechnicalChallengeTests;
				PRODUCT_NAME = "$(TARGET_NAME)";
				SWIFT_EMIT_LOC_STRINGS = NO;
				SWIFT_VERSION = 5.0;
				TARGETED_DEVICE_FAMILY = "1,2";
				TEST_HOST = "$(BUILT_PRODUCTS_DIR)/PerxTechnicalChallenge.app/$(BUNDLE_EXECUTABLE_FOLDER_PATH)/PerxTechnicalChallenge";
			};
			name = Release;
		};
		8FD3C6DB29812C740009D636 /* Debug */ = {
			isa = XCBuildConfiguration;
			buildSettings = {
				ALWAYS_EMBED_SWIFT_STANDARD_LIBRARIES = YES;
				CODE_SIGN_STYLE = Automatic;
				CURRENT_PROJECT_VERSION = 1;
				DEVELOPMENT_TEAM = RJJZD7UBAD;
				GENERATE_INFOPLIST_FILE = YES;
				MARKETING_VERSION = 1.0;
				PRODUCT_BUNDLE_IDENTIFIER = Tyson.PerxTechnicalChallengeUITests;
				PRODUCT_NAME = "$(TARGET_NAME)";
				SWIFT_EMIT_LOC_STRINGS = NO;
				SWIFT_VERSION = 5.0;
				TARGETED_DEVICE_FAMILY = "1,2";
				TEST_TARGET_NAME = PerxTechnicalChallenge;
			};
			name = Debug;
		};
		8FD3C6DC29812C740009D636 /* Release */ = {
			isa = XCBuildConfiguration;
			buildSettings = {
				ALWAYS_EMBED_SWIFT_STANDARD_LIBRARIES = YES;
				CODE_SIGN_STYLE = Automatic;
				CURRENT_PROJECT_VERSION = 1;
				DEVELOPMENT_TEAM = RJJZD7UBAD;
				GENERATE_INFOPLIST_FILE = YES;
				MARKETING_VERSION = 1.0;
				PRODUCT_BUNDLE_IDENTIFIER = Tyson.PerxTechnicalChallengeUITests;
				PRODUCT_NAME = "$(TARGET_NAME)";
				SWIFT_EMIT_LOC_STRINGS = NO;
				SWIFT_VERSION = 5.0;
				TARGETED_DEVICE_FAMILY = "1,2";
				TEST_TARGET_NAME = PerxTechnicalChallenge;
			};
			name = Release;
		};
/* End XCBuildConfiguration section */

/* Begin XCConfigurationList section */
		8FD3C6A629812C730009D636 /* Build configuration list for PBXProject "PerxTechnicalChallenge" */ = {
			isa = XCConfigurationList;
			buildConfigurations = (
				8FD3C6D229812C740009D636 /* Debug */,
				8FD3C6D329812C740009D636 /* Release */,
			);
			defaultConfigurationIsVisible = 0;
			defaultConfigurationName = Release;
		};
		8FD3C6D429812C740009D636 /* Build configuration list for PBXNativeTarget "PerxTechnicalChallenge" */ = {
			isa = XCConfigurationList;
			buildConfigurations = (
				8FD3C6D529812C740009D636 /* Debug */,
				8FD3C6D629812C740009D636 /* Release */,
			);
			defaultConfigurationIsVisible = 0;
			defaultConfigurationName = Release;
		};
		8FD3C6D729812C740009D636 /* Build configuration list for PBXNativeTarget "PerxTechnicalChallengeTests" */ = {
			isa = XCConfigurationList;
			buildConfigurations = (
				8FD3C6D829812C740009D636 /* Debug */,
				8FD3C6D929812C740009D636 /* Release */,
			);
			defaultConfigurationIsVisible = 0;
			defaultConfigurationName = Release;
		};
		8FD3C6DA29812C740009D636 /* Build configuration list for PBXNativeTarget "PerxTechnicalChallengeUITests" */ = {
			isa = XCConfigurationList;
			buildConfigurations = (
				8FD3C6DB29812C740009D636 /* Debug */,
				8FD3C6DC29812C740009D636 /* Release */,
			);
			defaultConfigurationIsVisible = 0;
			defaultConfigurationName = Release;
		};
/* End XCConfigurationList section */

/* Begin XCVersionGroup section */
		8FD3C6B929812C740009D636 /* PerxTechnicalChallenge.xcdatamodeld */ = {
			isa = XCVersionGroup;
			children = (
				8FD3C6BA29812C740009D636 /* PerxTechnicalChallenge.xcdatamodel */,
			);
			currentVersion = 8FD3C6BA29812C740009D636 /* PerxTechnicalChallenge.xcdatamodel */;
			path = PerxTechnicalChallenge.xcdatamodeld;
			sourceTree = "<group>";
			versionGroupType = wrapper.xcdatamodel;
		};
/* End XCVersionGroup section */
	};
	rootObject = 8FD3C6A329812C730009D636 /* Project object */;
}
